
Microsoft Visual Studio Solution File, Format Version 12.00
# Visual Studio Version 17
VisualStudioVersion = 17.8.34511.84
MinimumVisualStudioVersion = 10.0.40219.1
Project("{FAE04EC0-301F-11D3-BF4B-00C04F79EFBC}") = "FlightPlanner", "FlightPlanner\FlightPlanner.csproj", "{FC4DB0D3-848C-4CB9-84AC-C66FE0CE6956}"
EndProject
Global
	GlobalSection(SolutionConfigurationPlatforms) = preSolution
		Debug|Any CPU = Debug|Any CPU
		Release|Any CPU = Release|Any CPU
	EndGlobalSection
	GlobalSection(ProjectConfigurationPlatforms) = postSolution
		{FC4DB0D3-848C-4CB9-84AC-C66FE0CE6956}.Debug|Any CPU.ActiveCfg = Debug|Any CPU
		{FC4DB0D3-848C-4CB9-84AC-C66FE0CE6956}.Debug|Any CPU.Build.0 = Debug|Any CPU
		{FC4DB0D3-848C-4CB9-84AC-C66FE0CE6956}.Release|Any CPU.ActiveCfg = Release|Any CPU
		{FC4DB0D3-848C-4CB9-84AC-C66FE0CE6956}.Release|Any CPU.Build.0 = Release|Any CPU
	EndGlobalSection
	GlobalSection(SolutionProperties) = preSolution
		HideSolutionNode = FALSE
	EndGlobalSection
	GlobalSection(ExtensibilityGlobals) = postSolution
		SolutionGuid = {D9A5D2CC-3FC0-40D0-8DD6-C66D7430F395}
	EndGlobalSection
EndGlobal
